
Microsoft Visual Studio Solution File, Format Version 12.00
# Visual Studio Version 17
VisualStudioVersion = 17.5.33516.290
MinimumVisualStudioVersion = 10.0.40219.1
Project("{FAE04EC0-301F-11D3-BF4B-00C04F79EFBC}") = "Productos.Server", "Productos.Server\Productos.Server.csproj", "{D3A30412-D9C9-418C-9A95-7703321FFC3B}"
EndProject
Global
	GlobalSection(SolutionConfigurationPlatforms) = preSolution
		Debug|Any CPU = Debug|Any CPU
		Release|Any CPU = Release|Any CPU
	EndGlobalSection
	GlobalSection(ProjectConfigurationPlatforms) = postSolution
		{D3A30412-D9C9-418C-9A95-7703321FFC3B}.Debug|Any CPU.ActiveCfg = Debug|Any CPU
		{D3A30412-D9C9-418C-9A95-7703321FFC3B}.Debug|Any CPU.Build.0 = Debug|Any CPU
		{D3A30412-D9C9-418C-9A95-7703321FFC3B}.Release|Any CPU.ActiveCfg = Release|Any CPU
		{D3A30412-D9C9-418C-9A95-7703321FFC3B}.Release|Any CPU.Build.0 = Release|Any CPU
	EndGlobalSection
	GlobalSection(SolutionProperties) = preSolution
		HideSolutionNode = FALSE
	EndGlobalSection
	GlobalSection(ExtensibilityGlobals) = postSolution
		SolutionGuid = {99BBE5C9-4848-4C78-969E-53B4CC4D873B}
	EndGlobalSection
EndGlobal
